// !$*UTF8*$!
{
	archiveVersion = 1;
	classes = {
	};
	objectVersion = 46;
	objects = {

/* Begin PBXBuildFile section */
		A2C137D01C616C0F009EDF42 /* AppDelegate.swift in Sources */ = {isa = PBXBuildFile; fileRef = A2C137CF1C616C0F009EDF42 /* AppDelegate.swift */; };
		A2C137D21C616C0F009EDF42 /* ViewController.swift in Sources */ = {isa = PBXBuildFile; fileRef = A2C137D11C616C0F009EDF42 /* ViewController.swift */; };
		A2C137D51C616C0F009EDF42 /* Main.storyboard in Resources */ = {isa = PBXBuildFile; fileRef = A2C137D31C616C0F009EDF42 /* Main.storyboard */; };
		A2C137D71C616C0F009EDF42 /* Assets.xcassets in Resources */ = {isa = PBXBuildFile; fileRef = A2C137D61C616C0F009EDF42 /* Assets.xcassets */; };
		A2C137DA1C616C0F009EDF42 /* LaunchScreen.storyboard in Resources */ = {isa = PBXBuildFile; fileRef = A2C137D81C616C0F009EDF42 /* LaunchScreen.storyboard */; };
		A2C137E51C616C10009EDF42 /* MotionSurvey1Tests.swift in Sources */ = {isa = PBXBuildFile; fileRef = A2C137E41C616C10009EDF42 /* MotionSurvey1Tests.swift */; };
		A2C137F01C616C10009EDF42 /* MotionSurvey1UITests.swift in Sources */ = {isa = PBXBuildFile; fileRef = A2C137EF1C616C10009EDF42 /* MotionSurvey1UITests.swift */; };
		A2C137FE1C616F14009EDF42 /* CoreMotion.framework in Frameworks */ = {isa = PBXBuildFile; fileRef = A2C137FD1C616F14009EDF42 /* CoreMotion.framework */; };
/* End PBXBuildFile section */

/* Begin PBXContainerItemProxy section */
		A2C137E11C616C10009EDF42 /* PBXContainerItemProxy */ = {
			isa = PBXContainerItemProxy;
			containerPortal = A2C137C41C616C0F009EDF42 /* Project object */;
			proxyType = 1;
			remoteGlobalIDString = A2C137CB1C616C0F009EDF42;
			remoteInfo = MotionSurvey1;
		};
		A2C137EC1C616C10009EDF42 /* PBXContainerItemProxy */ = {
			isa = PBXContainerItemProxy;
			containerPortal = A2C137C41C616C0F009EDF42 /* Project object */;
			proxyType = 1;
			remoteGlobalIDString = A2C137CB1C616C0F009EDF42;
			remoteInfo = MotionSurvey1;
		};
/* End PBXContainerItemProxy section */

/* Begin PBXFileReference section */
		A2C137CC1C616C0F009EDF42 /* MotionSurvey1.app */ = {isa = PBXFileReference; explicitFileType = wrapper.application; includeInIndex = 0; path = MotionSurvey1.app; sourceTree = BUILT_PRODUCTS_DIR; };
		A2C137CF1C616C0F009EDF42 /* AppDelegate.swift */ = {isa = PBXFileReference; lastKnownFileType = sourcecode.swift; path = AppDelegate.swift; sourceTree = "<group>"; };
		A2C137D11C616C0F009EDF42 /* ViewController.swift */ = {isa = PBXFileReference; lastKnownFileType = sourcecode.swift; path = ViewController.swift; sourceTree = "<group>"; };
		A2C137D41C616C0F009EDF42 /* Base */ = {isa = PBXFileReference; lastKnownFileType = file.storyboard; name = Base; path = Base.lproj/Main.storyboard; sourceTree = "<group>"; };
		A2C137D61C616C0F009EDF42 /* Assets.xcassets */ = {isa = PBXFileReference; lastKnownFileType = folder.assetcatalog; path = Assets.xcassets; sourceTree = "<group>"; };
		A2C137D91C616C0F009EDF42 /* Base */ = {isa = PBXFileReference; lastKnownFileType = file.storyboard; name = Base; path = Base.lproj/LaunchScreen.storyboard; sourceTree = "<group>"; };
		A2C137DB1C616C0F009EDF42 /* Info.plist */ = {isa = PBXFileReference; lastKnownFileType = text.plist.xml; path = Info.plist; sourceTree = "<group>"; };
		A2C137E01C616C10009EDF42 /* MotionSurvey1Tests.xctest */ = {isa = PBXFileReference; explicitFileType = wrapper.cfbundle; includeInIndex = 0; path = MotionSurvey1Tests.xctest; sourceTree = BUILT_PRODUCTS_DIR; };
		A2C137E41C616C10009EDF42 /* MotionSurvey1Tests.swift */ = {isa = PBXFileReference; lastKnownFileType = sourcecode.swift; path = MotionSurvey1Tests.swift; sourceTree = "<group>"; };
		A2C137E61C616C10009EDF42 /* Info.plist */ = {isa = PBXFileReference; lastKnownFileType = text.plist.xml; path = Info.plist; sourceTree = "<group>"; };
		A2C137EB1C616C10009EDF42 /* MotionSurvey1UITests.xctest */ = {isa = PBXFileReference; explicitFileType = wrapper.cfbundle; includeInIndex = 0; path = MotionSurvey1UITests.xctest; sourceTree = BUILT_PRODUCTS_DIR; };
		A2C137EF1C616C10009EDF42 /* MotionSurvey1UITests.swift */ = {isa = PBXFileReference; lastKnownFileType = sourcecode.swift; path = MotionSurvey1UITests.swift; sourceTree = "<group>"; };
		A2C137F11C616C10009EDF42 /* Info.plist */ = {isa = PBXFileReference; lastKnownFileType = text.plist.xml; path = Info.plist; sourceTree = "<group>"; };
		A2C137FD1C616F14009EDF42 /* CoreMotion.framework */ = {isa = PBXFileReference; lastKnownFileType = wrapper.framework; name = CoreMotion.framework; path = System/Library/Frameworks/CoreMotion.framework; sourceTree = SDKROOT; };
/* End PBXFileReference section */

/* Begin PBXFrameworksBuildPhase section */
		A2C137C91C616C0F009EDF42 /* Frameworks */ = {
			isa = PBXFrameworksBuildPhase;
			buildActionMask = 2147483647;
			files = (
				A2C137FE1C616F14009EDF42 /* CoreMotion.framework in Frameworks */,
			);
			runOnlyForDeploymentPostprocessing = 0;
		};
		A2C137DD1C616C10009EDF42 /* Frameworks */ = {
			isa = PBXFrameworksBuildPhase;
			buildActionMask = 2147483647;
			files = (
			);
			runOnlyForDeploymentPostprocessing = 0;
		};
		A2C137E81C616C10009EDF42 /* Frameworks */ = {
			isa = PBXFrameworksBuildPhase;
			buildActionMask = 2147483647;
			files = (
			);
			runOnlyForDeploymentPostprocessing = 0;
		};
/* End PBXFrameworksBuildPhase section */

/* Begin PBXGroup section */
		A2C137C31C616C0F009EDF42 = {
			isa = PBXGroup;
			children = (
				A2C137FD1C616F14009EDF42 /* CoreMotion.framework */,
				A2C137CE1C616C0F009EDF42 /* MotionSurvey1 */,
				A2C137E31C616C10009EDF42 /* MotionSurvey1Tests */,
				A2C137EE1C616C10009EDF42 /* MotionSurvey1UITests */,
				A2C137CD1C616C0F009EDF42 /* Products */,
			);
			sourceTree = "<group>";
		};
		A2C137CD1C616C0F009EDF42 /* Products */ = {
			isa = PBXGroup;
			children = (
				A2C137CC1C616C0F009EDF42 /* MotionSurvey1.app */,
				A2C137E01C616C10009EDF42 /* MotionSurvey1Tests.xctest */,
				A2C137EB1C616C10009EDF42 /* MotionSurvey1UITests.xctest */,
			);
			name = Products;
			sourceTree = "<group>";
		};
		A2C137CE1C616C0F009EDF42 /* MotionSurvey1 */ = {
			isa = PBXGroup;
			children = (
				A2C137CF1C616C0F009EDF42 /* AppDelegate.swift */,
				A2C137D11C616C0F009EDF42 /* ViewController.swift */,
				A2C137D31C616C0F009EDF42 /* Main.storyboard */,
				A2C137D61C616C0F009EDF42 /* Assets.xcassets */,
				A2C137D81C616C0F009EDF42 /* LaunchScreen.storyboard */,
				A2C137DB1C616C0F009EDF42 /* Info.plist */,
			);
			path = MotionSurvey1;
			sourceTree = "<group>";
		};
		A2C137E31C616C10009EDF42 /* MotionSurvey1Tests */ = {
			isa = PBXGroup;
			children = (
				A2C137E41C616C10009EDF42 /* MotionSurvey1Tests.swift */,
				A2C137E61C616C10009EDF42 /* Info.plist */,
			);
			path = MotionSurvey1Tests;
			sourceTree = "<group>";
		};
		A2C137EE1C616C10009EDF42 /* MotionSurvey1UITests */ = {
			isa = PBXGroup;
			children = (
				A2C137EF1C616C10009EDF42 /* MotionSurvey1UITests.swift */,
				A2C137F11C616C10009EDF42 /* Info.plist */,
			);
			path = MotionSurvey1UITests;
			sourceTree = "<group>";
		};
/* End PBXGroup section */

/* Begin PBXNativeTarget section */
		A2C137CB1C616C0F009EDF42 /* MotionSurvey1 */ = {
			isa = PBXNativeTarget;
			buildConfigurationList = A2C137F41C616C10009EDF42 /* Build configuration list for PBXNativeTarget "MotionSurvey1" */;
			buildPhases = (
				A2C137C81C616C0F009EDF42 /* Sources */,
				A2C137C91C616C0F009EDF42 /* Frameworks */,
				A2C137CA1C616C0F009EDF42 /* Resources */,
			);
			buildRules = (
			);
			dependencies = (
			);
			name = MotionSurvey1;
			productName = MotionSurvey1;
			productReference = A2C137CC1C616C0F009EDF42 /* MotionSurvey1.app */;
			productType = "com.apple.product-type.application";
		};
		A2C137DF1C616C10009EDF42 /* MotionSurvey1Tests */ = {
			isa = PBXNativeTarget;
			buildConfigurationList = A2C137F71C616C10009EDF42 /* Build configuration list for PBXNativeTarget "MotionSurvey1Tests" */;
			buildPhases = (
				A2C137DC1C616C10009EDF42 /* Sources */,
				A2C137DD1C616C10009EDF42 /* Frameworks */,
				A2C137DE1C616C10009EDF42 /* Resources */,
			);
			buildRules = (
			);
			dependencies = (
				A2C137E21C616C10009EDF42 /* PBXTargetDependency */,
			);
			name = MotionSurvey1Tests;
			productName = MotionSurvey1Tests;
			productReference = A2C137E01C616C10009EDF42 /* MotionSurvey1Tests.xctest */;
			productType = "com.apple.product-type.bundle.unit-test";
		};
		A2C137EA1C616C10009EDF42 /* MotionSurvey1UITests */ = {
			isa = PBXNativeTarget;
			buildConfigurationList = A2C137FA1C616C10009EDF42 /* Build configuration list for PBXNativeTarget "MotionSurvey1UITests" */;
			buildPhases = (
				A2C137E71C616C10009EDF42 /* Sources */,
				A2C137E81C616C10009EDF42 /* Frameworks */,
				A2C137E91C616C10009EDF42 /* Resources */,
			);
			buildRules = (
			);
			dependencies = (
				A2C137ED1C616C10009EDF42 /* PBXTargetDependency */,
			);
			name = MotionSurvey1UITests;
			productName = MotionSurvey1UITests;
			productReference = A2C137EB1C616C10009EDF42 /* MotionSurvey1UITests.xctest */;
			productType = "com.apple.product-type.bundle.ui-testing";
		};
/* End PBXNativeTarget section */

/* Begin PBXProject section */
		A2C137C41C616C0F009EDF42 /* Project object */ = {
			isa = PBXProject;
			attributes = {
				LastSwiftUpdateCheck = 0720;
				LastUpgradeCheck = 0720;
				ORGANIZATIONNAME = Princeton;
				TargetAttributes = {
					A2C137CB1C616C0F009EDF42 = {
						CreatedOnToolsVersion = 7.2;
						DevelopmentTeam = 83HYM26E6D;
					};
					A2C137DF1C616C10009EDF42 = {
						CreatedOnToolsVersion = 7.2;
						TestTargetID = A2C137CB1C616C0F009EDF42;
					};
					A2C137EA1C616C10009EDF42 = {
						CreatedOnToolsVersion = 7.2;
						TestTargetID = A2C137CB1C616C0F009EDF42;
					};
				};
			};
			buildConfigurationList = A2C137C71C616C0F009EDF42 /* Build configuration list for PBXProject "MotionSurvey1" */;
			compatibilityVersion = "Xcode 3.2";
			developmentRegion = English;
			hasScannedForEncodings = 0;
			knownRegions = (
				en,
				Base,
			);
			mainGroup = A2C137C31C616C0F009EDF42;
			productRefGroup = A2C137CD1C616C0F009EDF42 /* Products */;
			projectDirPath = "";
			projectRoot = "";
			targets = (
				A2C137CB1C616C0F009EDF42 /* MotionSurvey1 */,
				A2C137DF1C616C10009EDF42 /* MotionSurvey1Tests */,
				A2C137EA1C616C10009EDF42 /* MotionSurvey1UITests */,
			);
		};
/* End PBXProject section */

/* Begin PBXResourcesBuildPhase section */
		A2C137CA1C616C0F009EDF42 /* Resources */ = {
			isa = PBXResourcesBuildPhase;
			buildActionMask = 2147483647;
			files = (
				A2C137DA1C616C0F009EDF42 /* LaunchScreen.storyboard in Resources */,
				A2C137D71C616C0F009EDF42 /* Assets.xcassets in Resources */,
				A2C137D51C616C0F009EDF42 /* Main.storyboard in Resources */,
			);
			runOnlyForDeploymentPostprocessing = 0;
		};
		A2C137DE1C616C10009EDF42 /* Resources */ = {
			isa = PBXResourcesBuildPhase;
			buildActionMask = 2147483647;
			files = (
			);
			runOnlyForDeploymentPostprocessing = 0;
		};
		A2C137E91C616C10009EDF42 /* Resources */ = {
			isa = PBXResourcesBuildPhase;
			buildActionMask = 2147483647;
			files = (
			);
			runOnlyForDeploymentPostprocessing = 0;
		};
/* End PBXResourcesBuildPhase section */

/* Begin PBXSourcesBuildPhase section */
		A2C137C81C616C0F009EDF42 /* Sources */ = {
			isa = PBXSourcesBuildPhase;
			buildActionMask = 2147483647;
			files = (
				A2C137D21C616C0F009EDF42 /* ViewController.swift in Sources */,
				A2C137D01C616C0F009EDF42 /* AppDelegate.swift in Sources */,
			);
			runOnlyForDeploymentPostprocessing = 0;
		};
		A2C137DC1C616C10009EDF42 /* Sources */ = {
			isa = PBXSourcesBuildPhase;
			buildActionMask = 2147483647;
			files = (
				A2C137E51C616C10009EDF42 /* MotionSurvey1Tests.swift in Sources */,
			);
			runOnlyForDeploymentPostprocessing = 0;
		};
		A2C137E71C616C10009EDF42 /* Sources */ = {
			isa = PBXSourcesBuildPhase;
			buildActionMask = 2147483647;
			files = (
				A2C137F01C616C10009EDF42 /* MotionSurvey1UITests.swift in Sources */,
			);
			runOnlyForDeploymentPostprocessing = 0;
		};
/* End PBXSourcesBuildPhase section */

/* Begin PBXTargetDependency section */
		A2C137E21C616C10009EDF42 /* PBXTargetDependency */ = {
			isa = PBXTargetDependency;
			target = A2C137CB1C616C0F009EDF42 /* MotionSurvey1 */;
			targetProxy = A2C137E11C616C10009EDF42 /* PBXContainerItemProxy */;
		};
		A2C137ED1C616C10009EDF42 /* PBXTargetDependency */ = {
			isa = PBXTargetDependency;
			target = A2C137CB1C616C0F009EDF42 /* MotionSurvey1 */;
			targetProxy = A2C137EC1C616C10009EDF42 /* PBXContainerItemProxy */;
		};
/* End PBXTargetDependency section */

/* Begin PBXVariantGroup section */
		A2C137D31C616C0F009EDF42 /* Main.storyboard */ = {
			isa = PBXVariantGroup;
			children = (
				A2C137D41C616C0F009EDF42 /* Base */,
			);
			name = Main.storyboard;
			sourceTree = "<group>";
		};
		A2C137D81C616C0F009EDF42 /* LaunchScreen.storyboard */ = {
			isa = PBXVariantGroup;
			children = (
				A2C137D91C616C0F009EDF42 /* Base */,
			);
			name = LaunchScreen.storyboard;
			sourceTree = "<group>";
		};
/* End PBXVariantGroup section */

/* Begin XCBuildConfiguration section */
		A2C137F21C616C10009EDF42 /* Debug */ = {
			isa = XCBuildConfiguration;
			buildSettings = {
				ALWAYS_SEARCH_USER_PATHS = NO;
				CLANG_CXX_LANGUAGE_STANDARD = "gnu++0x";
				CLANG_CXX_LIBRARY = "libc++";
				CLANG_ENABLE_MODULES = YES;
				CLANG_ENABLE_OBJC_ARC = YES;
				CLANG_WARN_BOOL_CONVERSION = YES;
				CLANG_WARN_CONSTANT_CONVERSION = YES;
				CLANG_WARN_DIRECT_OBJC_ISA_USAGE = YES_ERROR;
				CLANG_WARN_EMPTY_BODY = YES;
				CLANG_WARN_ENUM_CONVERSION = YES;
				CLANG_WARN_INT_CONVERSION = YES;
				CLANG_WARN_OBJC_ROOT_CLASS = YES_ERROR;
				CLANG_WARN_UNREACHABLE_CODE = YES;
				CLANG_WARN__DUPLICATE_METHOD_MATCH = YES;
				"CODE_SIGN_IDENTITY[sdk=iphoneos*]" = "iPhone Developer";
				COPY_PHASE_STRIP = NO;
				DEBUG_INFORMATION_FORMAT = dwarf;
				ENABLE_STRICT_OBJC_MSGSEND = YES;
				ENABLE_TESTABILITY = YES;
				GCC_C_LANGUAGE_STANDARD = gnu99;
				GCC_DYNAMIC_NO_PIC = NO;
				GCC_NO_COMMON_BLOCKS = YES;
				GCC_OPTIMIZATION_LEVEL = 0;
				GCC_PREPROCESSOR_DEFINITIONS = (
					"DEBUG=1",
					"$(inherited)",
				);
				GCC_WARN_64_TO_32_BIT_CONVERSION = YES;
				GCC_WARN_ABOUT_RETURN_TYPE = YES_ERROR;
				GCC_WARN_UNDECLARED_SELECTOR = YES;
				GCC_WARN_UNINITIALIZED_AUTOS = YES_AGGRESSIVE;
				GCC_WARN_UNUSED_FUNCTION = YES;
				GCC_WARN_UNUSED_VARIABLE = YES;
				IPHONEOS_DEPLOYMENT_TARGET = 9.2;
				MTL_ENABLE_DEBUG_INFO = YES;
				ONLY_ACTIVE_ARCH = YES;
				SDKROOT = iphoneos;
				SWIFT_OPTIMIZATION_LEVEL = "-Onone";
				TARGETED_DEVICE_FAMILY = "1,2";
			};
			name = Debug;
		};
		A2C137F31C616C10009EDF42 /* Release */ = {
			isa = XCBuildConfiguration;
			buildSettings = {
				ALWAYS_SEARCH_USER_PATHS = NO;
				CLANG_CXX_LANGUAGE_STANDARD = "gnu++0x";
				CLANG_CXX_LIBRARY = "libc++";
				CLANG_ENABLE_MODULES = YES;
				CLANG_ENABLE_OBJC_ARC = YES;
				CLANG_WARN_BOOL_CONVERSION = YES;
				CLANG_WARN_CONSTANT_CONVERSION = YES;
				CLANG_WARN_DIRECT_OBJC_ISA_USAGE = YES_ERROR;
				CLANG_WARN_EMPTY_BODY = YES;
				CLANG_WARN_ENUM_CONVERSION = YES;
				CLANG_WARN_INT_CONVERSION = YES;
				CLANG_WARN_OBJC_ROOT_CLASS = YES_ERROR;
				CLANG_WARN_UNREACHABLE_CODE = YES;
				CLANG_WARN__DUPLICATE_METHOD_MATCH = YES;
				"CODE_SIGN_IDENTITY[sdk=iphoneos*]" = "iPhone Developer";
				COPY_PHASE_STRIP = NO;
				DEBUG_INFORMATION_FORMAT = "dwarf-with-dsym";
				ENABLE_NS_ASSERTIONS = NO;
				ENABLE_STRICT_OBJC_MSGSEND = YES;
				GCC_C_LANGUAGE_STANDARD = gnu99;
				GCC_NO_COMMON_BLOCKS = YES;
				GCC_WARN_64_TO_32_BIT_CONVERSION = YES;
				GCC_WARN_ABOUT_RETURN_TYPE = YES_ERROR;
				GCC_WARN_UNDECLARED_SELECTOR = YES;
				GCC_WARN_UNINITIALIZED_AUTOS = YES_AGGRESSIVE;
				GCC_WARN_UNUSED_FUNCTION = YES;
				GCC_WARN_UNUSED_VARIABLE = YES;
				IPHONEOS_DEPLOYMENT_TARGET = 9.2;
				MTL_ENABLE_DEBUG_INFO = NO;
				SDKROOT = iphoneos;
				TARGETED_DEVICE_FAMILY = "1,2";
				VALIDATE_PRODUCT = YES;
			};
			name = Release;
		};
		A2C137F51C616C10009EDF42 /* Debug */ = {
			isa = XCBuildConfiguration;
			buildSettings = {
				ASSETCATALOG_COMPILER_APPICON_NAME = AppIcon;
				CODE_SIGN_IDENTITY = "iPhone Developer";
				"CODE_SIGN_IDENTITY[sdk=iphoneos*]" = "iPhone Developer";
				INFOPLIST_FILE = MotionSurvey1/Info.plist;
				LD_RUNPATH_SEARCH_PATHS = "$(inherited) @executable_path/Frameworks";
				PRODUCT_BUNDLE_IDENTIFIER = princeton.MotionSurvey1;
				PRODUCT_NAME = "$(TARGET_NAME)";
				PROVISIONING_PROFILE = "";
			};
			name = Debug;
		};
		A2C137F61C616C10009EDF42 /* Release */ = {
			isa = XCBuildConfiguration;
			buildSettings = {
				ASSETCATALOG_COMPILER_APPICON_NAME = AppIcon;
				CODE_SIGN_IDENTITY = "iPhone Developer";
				"CODE_SIGN_IDENTITY[sdk=iphoneos*]" = "iPhone Developer";
				INFOPLIST_FILE = MotionSurvey1/Info.plist;
				LD_RUNPATH_SEARCH_PATHS = "$(inherited) @executable_path/Frameworks";
				PRODUCT_BUNDLE_IDENTIFIER = princeton.MotionSurvey1;
				PRODUCT_NAME = "$(TARGET_NAME)";
				PROVISIONING_PROFILE = "";
			};
			name = Release;
		};
		A2C137F81C616C10009EDF42 /* Debug */ = {
			isa = XCBuildConfiguration;
			buildSettings = {
				BUNDLE_LOADER = "$(TEST_HOST)";
				INFOPLIST_FILE = MotionSurvey1Tests/Info.plist;
				LD_RUNPATH_SEARCH_PATHS = "$(inherited) @executable_path/Frameworks @loader_path/Frameworks";
				PRODUCT_BUNDLE_IDENTIFIER = princeton.MotionSurvey1Tests;
				PRODUCT_NAME = "$(TARGET_NAME)";
				TEST_HOST = "$(BUILT_PRODUCTS_DIR)/MotionSurvey1.app/MotionSurvey1";
			};
			name = Debug;
		};
		A2C137F91C616C10009EDF42 /* Release */ = {
			isa = XCBuildConfiguration;
			buildSettings = {
				BUNDLE_LOADER = "$(TEST_HOST)";
				INFOPLIST_FILE = MotionSurvey1Tests/Info.plist;
				LD_RUNPATH_SEARCH_PATHS = "$(inherited) @executable_path/Frameworks @loader_path/Frameworks";
				PRODUCT_BUNDLE_IDENTIFIER = princeton.MotionSurvey1Tests;
				PRODUCT_NAME = "$(TARGET_NAME)";
				TEST_HOST = "$(BUILT_PRODUCTS_DIR)/MotionSurvey1.app/MotionSurvey1";
			};
			name = Release;
		};
		A2C137FB1C616C10009EDF42 /* Debug */ = {
			isa = XCBuildConfiguration;
			buildSettings = {
				INFOPLIST_FILE = MotionSurvey1UITests/Info.plist;
				LD_RUNPATH_SEARCH_PATHS = "$(inherited) @executable_path/Frameworks @loader_path/Frameworks";
				PRODUCT_BUNDLE_IDENTIFIER = princeton.MotionSurvey1UITests;
				PRODUCT_NAME = "$(TARGET_NAME)";
				TEST_TARGET_NAME = MotionSurvey1;
				USES_XCTRUNNER = YES;
			};
			name = Debug;
		};
		A2C137FC1C616C10009EDF42 /* Release */ = {
			isa = XCBuildConfiguration;
			buildSettings = {
				INFOPLIST_FILE = MotionSurvey1UITests/Info.plist;
				LD_RUNPATH_SEARCH_PATHS = "$(inherited) @executable_path/Frameworks @loader_path/Frameworks";
				PRODUCT_BUNDLE_IDENTIFIER = princeton.MotionSurvey1UITests;
				PRODUCT_NAME = "$(TARGET_NAME)";
				TEST_TARGET_NAME = MotionSurvey1;
				USES_XCTRUNNER = YES;
			};
			name = Release;
		};
/* End XCBuildConfiguration section */

/* Begin XCConfigurationList section */
		A2C137C71C616C0F009EDF42 /* Build configuration list for PBXProject "MotionSurvey1" */ = {
			isa = XCConfigurationList;
			buildConfigurations = (
				A2C137F21C616C10009EDF42 /* Debug */,
				A2C137F31C616C10009EDF42 /* Release */,
			);
			defaultConfigurationIsVisible = 0;
			defaultConfigurationName = Release;
		};
		A2C137F41C616C10009EDF42 /* Build configuration list for PBXNativeTarget "MotionSurvey1" */ = {
			isa = XCConfigurationList;
			buildConfigurations = (
				A2C137F51C616C10009EDF42 /* Debug */,
				A2C137F61C616C10009EDF42 /* Release */,
			);
			defaultConfigurationIsVisible = 0;
		};
		A2C137F71C616C10009EDF42 /* Build configuration list for PBXNativeTarget "MotionSurvey1Tests" */ = {
			isa = XCConfigurationList;
			buildConfigurations = (
				A2C137F81C616C10009EDF42 /* Debug */,
				A2C137F91C616C10009EDF42 /* Release */,
			);
			defaultConfigurationIsVisible = 0;
		};
		A2C137FA1C616C10009EDF42 /* Build configuration list for PBXNativeTarget "MotionSurvey1UITests" */ = {
			isa = XCConfigurationList;
			buildConfigurations = (
				A2C137FB1C616C10009EDF42 /* Debug */,
				A2C137FC1C616C10009EDF42 /* Release */,
			);
			defaultConfigurationIsVisible = 0;
		};
/* End XCConfigurationList section */
	};
	rootObject = A2C137C41C616C0F009EDF42 /* Project object */;
}
